
Microsoft Visual Studio Solution File, Format Version 12.00
# Visual Studio 15
VisualStudioVersion = 15.0.28307.757
MinimumVisualStudioVersion = 10.0.40219.1
Project("{FAE04EC0-301F-11D3-BF4B-00C04F79EFBC}") = "kafka_producer", "kafka_producer\kafka_producer.csproj", "{7B3DD233-3DD5-49AC-8DFA-733AF676C2F7}"
EndProject
Global
	GlobalSection(SolutionConfigurationPlatforms) = preSolution
		Debug|Any CPU = Debug|Any CPU
		Release|Any CPU = Release|Any CPU
	EndGlobalSection
	GlobalSection(ProjectConfigurationPlatforms) = postSolution
		{7B3DD233-3DD5-49AC-8DFA-733AF676C2F7}.Debug|Any CPU.ActiveCfg = Debug|Any CPU
		{7B3DD233-3DD5-49AC-8DFA-733AF676C2F7}.Debug|Any CPU.Build.0 = Debug|Any CPU
		{7B3DD233-3DD5-49AC-8DFA-733AF676C2F7}.Release|Any CPU.ActiveCfg = Release|Any CPU
		{7B3DD233-3DD5-49AC-8DFA-733AF676C2F7}.Release|Any CPU.Build.0 = Release|Any CPU
	EndGlobalSection
	GlobalSection(SolutionProperties) = preSolution
		HideSolutionNode = FALSE
	EndGlobalSection
	GlobalSection(ExtensibilityGlobals) = postSolution
		SolutionGuid = {453449D9-9DB5-4174-BE9D-489CBBEDE843}
	EndGlobalSection
EndGlobal
